
Microsoft Visual Studio Solution File, Format Version 12.00
# Visual Studio 14
VisualStudioVersion = 14.0.25420.1
MinimumVisualStudioVersion = 10.0.40219.1
Project("{FAE04EC0-301F-11D3-BF4B-00C04F79EFBC}") = "ContractCode", "ContractCode\ContractCode.csproj", "{D3F931F0-8541-4628-89BE-FF10922C7F94}"
EndProject
Project("{FAE04EC0-301F-11D3-BF4B-00C04F79EFBC}") = "AccountContract", "..\AccountContract\AccountContract\AccountContract.csproj", "{645EE731-6B0E-4D25-A1B8-DF1EF80074EA}"
EndProject
Global
	GlobalSection(SolutionConfigurationPlatforms) = preSolution
		Debug|Any CPU = Debug|Any CPU
		Release|Any CPU = Release|Any CPU
	EndGlobalSection
	GlobalSection(ProjectConfigurationPlatforms) = postSolution
		{D3F931F0-8541-4628-89BE-FF10922C7F94}.Debug|Any CPU.ActiveCfg = Debug|Any CPU
		{D3F931F0-8541-4628-89BE-FF10922C7F94}.Debug|Any CPU.Build.0 = Debug|Any CPU
		{D3F931F0-8541-4628-89BE-FF10922C7F94}.Release|Any CPU.ActiveCfg = Release|Any CPU
		{D3F931F0-8541-4628-89BE-FF10922C7F94}.Release|Any CPU.Build.0 = Release|Any CPU
		{645EE731-6B0E-4D25-A1B8-DF1EF80074EA}.Debug|Any CPU.ActiveCfg = Debug|Any CPU
		{645EE731-6B0E-4D25-A1B8-DF1EF80074EA}.Debug|Any CPU.Build.0 = Debug|Any CPU
		{645EE731-6B0E-4D25-A1B8-DF1EF80074EA}.Release|Any CPU.ActiveCfg = Release|Any CPU
		{645EE731-6B0E-4D25-A1B8-DF1EF80074EA}.Release|Any CPU.Build.0 = Release|Any CPU
	EndGlobalSection
	GlobalSection(SolutionProperties) = preSolution
		HideSolutionNode = FALSE
	EndGlobalSection
EndGlobal
